// !$*UTF8*$!
{
	archiveVersion = 1;
	classes = {
	};
	objectVersion = 56;
	objects = {

/* Begin PBXBuildFile section */
		BB8700C429D02D9C00ED1A83 /* LandmarksApp.swift in Sources */ = {isa = PBXBuildFile; fileRef = BB8700C329D02D9C00ED1A83 /* LandmarksApp.swift */; };
		BB8700C829D02D9D00ED1A83 /* Assets.xcassets in Resources */ = {isa = PBXBuildFile; fileRef = BB8700C729D02D9D00ED1A83 /* Assets.xcassets */; };
		BB8700CB29D02D9D00ED1A83 /* Preview Assets.xcassets in Resources */ = {isa = PBXBuildFile; fileRef = BB8700CA29D02D9D00ED1A83 /* Preview Assets.xcassets */; };
		BB8700D229D06F3600ED1A83 /* CircleImage.swift in Sources */ = {isa = PBXBuildFile; fileRef = BB8700D129D06F3600ED1A83 /* CircleImage.swift */; };
		BB8700D429D073DF00ED1A83 /* MapView.swift in Sources */ = {isa = PBXBuildFile; fileRef = BB8700D329D073DF00ED1A83 /* MapView.swift */; };
		BB8700D629D0F5B500ED1A83 /* landmarkData.json in Resources */ = {isa = PBXBuildFile; fileRef = BB8700D529D0F5B500ED1A83 /* landmarkData.json */; };
		BB8700D829D0F60300ED1A83 /* Landmark.swift in Sources */ = {isa = PBXBuildFile; fileRef = BB8700D729D0F60300ED1A83 /* Landmark.swift */; };
		BB8700F029D1000300ED1A83 /* ModelData.swift in Sources */ = {isa = PBXBuildFile; fileRef = BB8700EF29D1000300ED1A83 /* ModelData.swift */; };
		BB8700F629D176FF00ED1A83 /* LandmarkRow.swift in Sources */ = {isa = PBXBuildFile; fileRef = BB8700F529D176FF00ED1A83 /* LandmarkRow.swift */; };
		BB87010129D1815D00ED1A83 /* LandmarkList.swift in Sources */ = {isa = PBXBuildFile; fileRef = BB87010029D1815D00ED1A83 /* LandmarkList.swift */; };
		BB87010329D3226F00ED1A83 /* LandmarkDetail.swift in Sources */ = {isa = PBXBuildFile; fileRef = BB87010229D3226F00ED1A83 /* LandmarkDetail.swift */; };
		BB87010529D3231E00ED1A83 /* ContentView.swift in Sources */ = {isa = PBXBuildFile; fileRef = BB87010429D3231E00ED1A83 /* ContentView.swift */; };
		BB87010729DC5EAA00ED1A83 /* FavoriteButton.swift in Sources */ = {isa = PBXBuildFile; fileRef = BB87010629DC5EA900ED1A83 /* FavoriteButton.swift */; };
		BB87010B29DC6A2500ED1A83 /* HexagonParameters.swift in Sources */ = {isa = PBXBuildFile; fileRef = BB87010A29DC6A2500ED1A83 /* HexagonParameters.swift */; };
/* End PBXBuildFile section */

/* Begin PBXFileReference section */
		BB8700C029D02D9C00ED1A83 /* Landmarks.app */ = {isa = PBXFileReference; explicitFileType = wrapper.application; includeInIndex = 0; path = Landmarks.app; sourceTree = BUILT_PRODUCTS_DIR; };
		BB8700C329D02D9C00ED1A83 /* LandmarksApp.swift */ = {isa = PBXFileReference; lastKnownFileType = sourcecode.swift; path = LandmarksApp.swift; sourceTree = "<group>"; };
		BB8700C729D02D9D00ED1A83 /* Assets.xcassets */ = {isa = PBXFileReference; lastKnownFileType = folder.assetcatalog; path = Assets.xcassets; sourceTree = "<group>"; };
		BB8700CA29D02D9D00ED1A83 /* Preview Assets.xcassets */ = {isa = PBXFileReference; lastKnownFileType = folder.assetcatalog; path = "Preview Assets.xcassets"; sourceTree = "<group>"; };
		BB8700D129D06F3600ED1A83 /* CircleImage.swift */ = {isa = PBXFileReference; lastKnownFileType = sourcecode.swift; path = CircleImage.swift; sourceTree = "<group>"; };
		BB8700D329D073DF00ED1A83 /* MapView.swift */ = {isa = PBXFileReference; lastKnownFileType = sourcecode.swift; path = MapView.swift; sourceTree = "<group>"; };
		BB8700D529D0F5B500ED1A83 /* landmarkData.json */ = {isa = PBXFileReference; fileEncoding = 4; lastKnownFileType = text.json; path = landmarkData.json; sourceTree = "<group>"; };
		BB8700D729D0F60300ED1A83 /* Landmark.swift */ = {isa = PBXFileReference; lastKnownFileType = sourcecode.swift; path = Landmark.swift; sourceTree = "<group>"; };
		BB8700EF29D1000300ED1A83 /* ModelData.swift */ = {isa = PBXFileReference; lastKnownFileType = sourcecode.swift; path = ModelData.swift; sourceTree = "<group>"; };
		BB8700F529D176FF00ED1A83 /* LandmarkRow.swift */ = {isa = PBXFileReference; lastKnownFileType = sourcecode.swift; path = LandmarkRow.swift; sourceTree = "<group>"; };
		BB87010029D1815D00ED1A83 /* LandmarkList.swift */ = {isa = PBXFileReference; lastKnownFileType = sourcecode.swift; path = LandmarkList.swift; sourceTree = "<group>"; };
		BB87010229D3226F00ED1A83 /* LandmarkDetail.swift */ = {isa = PBXFileReference; lastKnownFileType = sourcecode.swift; path = LandmarkDetail.swift; sourceTree = "<group>"; };
		BB87010429D3231E00ED1A83 /* ContentView.swift */ = {isa = PBXFileReference; lastKnownFileType = sourcecode.swift; path = ContentView.swift; sourceTree = "<group>"; };
		BB87010629DC5EA900ED1A83 /* FavoriteButton.swift */ = {isa = PBXFileReference; lastKnownFileType = sourcecode.swift; path = FavoriteButton.swift; sourceTree = "<group>"; };
		BB87010A29DC6A2500ED1A83 /* HexagonParameters.swift */ = {isa = PBXFileReference; lastKnownFileType = sourcecode.swift; name = HexagonParameters.swift; path = Landmarks/HexagonParameters.swift; sourceTree = "<group>"; };
/* End PBXFileReference section */

/* Begin PBXFrameworksBuildPhase section */
		BB8700BD29D02D9C00ED1A83 /* Frameworks */ = {
			isa = PBXFrameworksBuildPhase;
			buildActionMask = 2147483647;
			files = (
			);
			runOnlyForDeploymentPostprocessing = 0;
		};
/* End PBXFrameworksBuildPhase section */

/* Begin PBXGroup section */
		BB8700B729D02D9C00ED1A83 = {
			isa = PBXGroup;
			children = (
				BB8700C229D02D9C00ED1A83 /* Landmarks */,
				BB8700C129D02D9C00ED1A83 /* Products */,
			);
			sourceTree = "<group>";
		};
		BB8700C129D02D9C00ED1A83 /* Products */ = {
			isa = PBXGroup;
			children = (
				BB8700C029D02D9C00ED1A83 /* Landmarks.app */,
			);
			name = Products;
			sourceTree = "<group>";
		};
		BB8700C229D02D9C00ED1A83 /* Landmarks */ = {
			isa = PBXGroup;
			children = (
				BB8700C329D02D9C00ED1A83 /* LandmarksApp.swift */,
				BB8700F229D1009C00ED1A83 /* Views */,
				BB8700F329D100BF00ED1A83 /* Model */,
				BB8700F429D100E900ED1A83 /* Resources */,
				BB8700C729D02D9D00ED1A83 /* Assets.xcassets */,
				BB8700C929D02D9D00ED1A83 /* Preview Content */,
			);
			path = Landmarks;
			sourceTree = "<group>";
		};
		BB8700C929D02D9D00ED1A83 /* Preview Content */ = {
			isa = PBXGroup;
			children = (
				BB8700CA29D02D9D00ED1A83 /* Preview Assets.xcassets */,
			);
			path = "Preview Content";
			sourceTree = "<group>";
		};
		BB8700F229D1009C00ED1A83 /* Views */ = {
			isa = PBXGroup;
			children = (
				BB87010A29DC6A2500ED1A83 /* HexagonParameters.swift */,
				BB87010929DC625F00ED1A83 /* Helpers */,
				BB87010829DC622A00ED1A83 /* Landmarks */,
				BB87010429D3231E00ED1A83 /* ContentView.swift */,
			);
			path = Views;
			sourceTree = "<group>";
		};
		BB8700F329D100BF00ED1A83 /* Model */ = {
			isa = PBXGroup;
			children = (
				BB8700D729D0F60300ED1A83 /* Landmark.swift */,
				BB8700EF29D1000300ED1A83 /* ModelData.swift */,
			);
			path = Model;
			sourceTree = "<group>";
		};
		BB8700F429D100E900ED1A83 /* Resources */ = {
			isa = PBXGroup;
			children = (
				BB8700D529D0F5B500ED1A83 /* landmarkData.json */,
			);
			path = Resources;
			sourceTree = "<group>";
		};
		BB87010829DC622A00ED1A83 /* Landmarks */ = {
			isa = PBXGroup;
			children = (
				BB87010229D3226F00ED1A83 /* LandmarkDetail.swift */,
				BB87010029D1815D00ED1A83 /* LandmarkList.swift */,
				BB8700F529D176FF00ED1A83 /* LandmarkRow.swift */,
			);
			path = Landmarks;
			sourceTree = "<group>";
		};
		BB87010929DC625F00ED1A83 /* Helpers */ = {
			isa = PBXGroup;
			children = (
				BB8700D129D06F3600ED1A83 /* CircleImage.swift */,
				BB87010629DC5EA900ED1A83 /* FavoriteButton.swift */,
				BB8700D329D073DF00ED1A83 /* MapView.swift */,
			);
			path = Helpers;
			sourceTree = "<group>";
		};
/* End PBXGroup section */

/* Begin PBXNativeTarget section */
		BB8700BF29D02D9C00ED1A83 /* Landmarks */ = {
			isa = PBXNativeTarget;
			buildConfigurationList = BB8700CE29D02D9D00ED1A83 /* Build configuration list for PBXNativeTarget "Landmarks" */;
			buildPhases = (
				BB8700BC29D02D9C00ED1A83 /* Sources */,
				BB8700BD29D02D9C00ED1A83 /* Frameworks */,
				BB8700BE29D02D9C00ED1A83 /* Resources */,
			);
			buildRules = (
			);
			dependencies = (
			);
			name = Landmarks;
			productName = Landmarks;
			productReference = BB8700C029D02D9C00ED1A83 /* Landmarks.app */;
			productType = "com.apple.product-type.application";
		};
/* End PBXNativeTarget section */

/* Begin PBXProject section */
		BB8700B829D02D9C00ED1A83 /* Project object */ = {
			isa = PBXProject;
			attributes = {
				BuildIndependentTargetsInParallel = 1;
				LastSwiftUpdateCheck = 1420;
				LastUpgradeCheck = 1420;
				TargetAttributes = {
					BB8700BF29D02D9C00ED1A83 = {
						CreatedOnToolsVersion = 14.2;
					};
				};
			};
			buildConfigurationList = BB8700BB29D02D9C00ED1A83 /* Build configuration list for PBXProject "Landmarks" */;
			compatibilityVersion = "Xcode 14.0";
			developmentRegion = en;
			hasScannedForEncodings = 0;
			knownRegions = (
				en,
				Base,
			);
			mainGroup = BB8700B729D02D9C00ED1A83;
			productRefGroup = BB8700C129D02D9C00ED1A83 /* Products */;
			projectDirPath = "";
			projectRoot = "";
			targets = (
				BB8700BF29D02D9C00ED1A83 /* Landmarks */,
			);
		};
/* End PBXProject section */

/* Begin PBXResourcesBuildPhase section */
		BB8700BE29D02D9C00ED1A83 /* Resources */ = {
			isa = PBXResourcesBuildPhase;
			buildActionMask = 2147483647;
			files = (
				BB8700CB29D02D9D00ED1A83 /* Preview Assets.xcassets in Resources */,
				BB8700C829D02D9D00ED1A83 /* Assets.xcassets in Resources */,
				BB8700D629D0F5B500ED1A83 /* landmarkData.json in Resources */,
			);
			runOnlyForDeploymentPostprocessing = 0;
		};
/* End PBXResourcesBuildPhase section */

/* Begin PBXSourcesBuildPhase section */
		BB8700BC29D02D9C00ED1A83 /* Sources */ = {
			isa = PBXSourcesBuildPhase;
			buildActionMask = 2147483647;
			files = (
				BB8700D429D073DF00ED1A83 /* MapView.swift in Sources */,
				BB8700C429D02D9C00ED1A83 /* LandmarksApp.swift in Sources */,
				BB87010129D1815D00ED1A83 /* LandmarkList.swift in Sources */,
				BB87010729DC5EAA00ED1A83 /* FavoriteButton.swift in Sources */,
				BB87010B29DC6A2500ED1A83 /* HexagonParameters.swift in Sources */,
				BB87010329D3226F00ED1A83 /* LandmarkDetail.swift in Sources */,
				BB8700D229D06F3600ED1A83 /* CircleImage.swift in Sources */,
				BB87010529D3231E00ED1A83 /* ContentView.swift in Sources */,
				BB8700D829D0F60300ED1A83 /* Landmark.swift in Sources */,
				BB8700F629D176FF00ED1A83 /* LandmarkRow.swift in Sources */,
				BB8700F029D1000300ED1A83 /* ModelData.swift in Sources */,
			);
			runOnlyForDeploymentPostprocessing = 0;
		};
/* End PBXSourcesBuildPhase section */

/* Begin XCBuildConfiguration section */
		BB8700CC29D02D9D00ED1A83 /* Debug */ = {
			isa = XCBuildConfiguration;
			buildSettings = {
				ALWAYS_SEARCH_USER_PATHS = NO;
				CLANG_ANALYZER_NONNULL = YES;
				CLANG_ANALYZER_NUMBER_OBJECT_CONVERSION = YES_AGGRESSIVE;
				CLANG_CXX_LANGUAGE_STANDARD = "gnu++20";
				CLANG_ENABLE_MODULES = YES;
				CLANG_ENABLE_OBJC_ARC = YES;
				CLANG_ENABLE_OBJC_WEAK = YES;
				CLANG_WARN_BLOCK_CAPTURE_AUTORELEASING = YES;
				CLANG_WARN_BOOL_CONVERSION = YES;
				CLANG_WARN_COMMA = YES;
				CLANG_WARN_CONSTANT_CONVERSION = YES;
				CLANG_WARN_DEPRECATED_OBJC_IMPLEMENTATIONS = YES;
				CLANG_WARN_DIRECT_OBJC_ISA_USAGE = YES_ERROR;
				CLANG_WARN_DOCUMENTATION_COMMENTS = YES;
				CLANG_WARN_EMPTY_BODY = YES;
				CLANG_WARN_ENUM_CONVERSION = YES;
				CLANG_WARN_INFINITE_RECURSION = YES;
				CLANG_WARN_INT_CONVERSION = YES;
				CLANG_WARN_NON_LITERAL_NULL_CONVERSION = YES;
				CLANG_WARN_OBJC_IMPLICIT_RETAIN_SELF = YES;
				CLANG_WARN_OBJC_LITERAL_CONVERSION = YES;
				CLANG_WARN_OBJC_ROOT_CLASS = YES_ERROR;
				CLANG_WARN_QUOTED_INCLUDE_IN_FRAMEWORK_HEADER = YES;
				CLANG_WARN_RANGE_LOOP_ANALYSIS = YES;
				CLANG_WARN_STRICT_PROTOTYPES = YES;
				CLANG_WARN_SUSPICIOUS_MOVE = YES;
				CLANG_WARN_UNGUARDED_AVAILABILITY = YES_AGGRESSIVE;
				CLANG_WARN_UNREACHABLE_CODE = YES;
				CLANG_WARN__DUPLICATE_METHOD_MATCH = YES;
				COPY_PHASE_STRIP = NO;
				DEBUG_INFORMATION_FORMAT = dwarf;
				ENABLE_STRICT_OBJC_MSGSEND = YES;
				ENABLE_TESTABILITY = YES;
				GCC_C_LANGUAGE_STANDARD = gnu11;
				GCC_DYNAMIC_NO_PIC = NO;
				GCC_NO_COMMON_BLOCKS = YES;
				GCC_OPTIMIZATION_LEVEL = 0;
				GCC_PREPROCESSOR_DEFINITIONS = (
					"DEBUG=1",
					"$(inherited)",
				);
				GCC_WARN_64_TO_32_BIT_CONVERSION = YES;
				GCC_WARN_ABOUT_RETURN_TYPE = YES_ERROR;
				GCC_WARN_UNDECLARED_SELECTOR = YES;
				GCC_WARN_UNINITIALIZED_AUTOS = YES_AGGRESSIVE;
				GCC_WARN_UNUSED_FUNCTION = YES;
				GCC_WARN_UNUSED_VARIABLE = YES;
				IPHONEOS_DEPLOYMENT_TARGET = 16.2;
				MTL_ENABLE_DEBUG_INFO = INCLUDE_SOURCE;
				MTL_FAST_MATH = YES;
				ONLY_ACTIVE_ARCH = YES;
				SDKROOT = iphoneos;
				SWIFT_ACTIVE_COMPILATION_CONDITIONS = DEBUG;
				SWIFT_OPTIMIZATION_LEVEL = "-Onone";
			};
			name = Debug;
		};
		BB8700CD29D02D9D00ED1A83 /* Release */ = {
			isa = XCBuildConfiguration;
			buildSettings = {
				ALWAYS_SEARCH_USER_PATHS = NO;
				CLANG_ANALYZER_NONNULL = YES;
				CLANG_ANALYZER_NUMBER_OBJECT_CONVERSION = YES_AGGRESSIVE;
				CLANG_CXX_LANGUAGE_STANDARD = "gnu++20";
				CLANG_ENABLE_MODULES = YES;
				CLANG_ENABLE_OBJC_ARC = YES;
				CLANG_ENABLE_OBJC_WEAK = YES;
				CLANG_WARN_BLOCK_CAPTURE_AUTORELEASING = YES;
				CLANG_WARN_BOOL_CONVERSION = YES;
				CLANG_WARN_COMMA = YES;
				CLANG_WARN_CONSTANT_CONVERSION = YES;
				CLANG_WARN_DEPRECATED_OBJC_IMPLEMENTATIONS = YES;
				CLANG_WARN_DIRECT_OBJC_ISA_USAGE = YES_ERROR;
				CLANG_WARN_DOCUMENTATION_COMMENTS = YES;
				CLANG_WARN_EMPTY_BODY = YES;
				CLANG_WARN_ENUM_CONVERSION = YES;
				CLANG_WARN_INFINITE_RECURSION = YES;
				CLANG_WARN_INT_CONVERSION = YES;
				CLANG_WARN_NON_LITERAL_NULL_CONVERSION = YES;
				CLANG_WARN_OBJC_IMPLICIT_RETAIN_SELF = YES;
				CLANG_WARN_OBJC_LITERAL_CONVERSION = YES;
				CLANG_WARN_OBJC_ROOT_CLASS = YES_ERROR;
				CLANG_WARN_QUOTED_INCLUDE_IN_FRAMEWORK_HEADER = YES;
				CLANG_WARN_RANGE_LOOP_ANALYSIS = YES;
				CLANG_WARN_STRICT_PROTOTYPES = YES;
				CLANG_WARN_SUSPICIOUS_MOVE = YES;
				CLANG_WARN_UNGUARDED_AVAILABILITY = YES_AGGRESSIVE;
				CLANG_WARN_UNREACHABLE_CODE = YES;
				CLANG_WARN__DUPLICATE_METHOD_MATCH = YES;
				COPY_PHASE_STRIP = NO;
				DEBUG_INFORMATION_FORMAT = "dwarf-with-dsym";
				ENABLE_NS_ASSERTIONS = NO;
				ENABLE_STRICT_OBJC_MSGSEND = YES;
				GCC_C_LANGUAGE_STANDARD = gnu11;
				GCC_NO_COMMON_BLOCKS = YES;
				GCC_WARN_64_TO_32_BIT_CONVERSION = YES;
				GCC_WARN_ABOUT_RETURN_TYPE = YES_ERROR;
				GCC_WARN_UNDECLARED_SELECTOR = YES;
				GCC_WARN_UNINITIALIZED_AUTOS = YES_AGGRESSIVE;
				GCC_WARN_UNUSED_FUNCTION = YES;
				GCC_WARN_UNUSED_VARIABLE = YES;
				IPHONEOS_DEPLOYMENT_TARGET = 16.2;
				MTL_ENABLE_DEBUG_INFO = NO;
				MTL_FAST_MATH = YES;
				SDKROOT = iphoneos;
				SWIFT_COMPILATION_MODE = wholemodule;
				SWIFT_OPTIMIZATION_LEVEL = "-O";
				VALIDATE_PRODUCT = YES;
			};
			name = Release;
		};
		BB8700CF29D02D9D00ED1A83 /* Debug */ = {
			isa = XCBuildConfiguration;
			buildSettings = {
				ASSETCATALOG_COMPILER_APPICON_NAME = AppIcon;
				ASSETCATALOG_COMPILER_GLOBAL_ACCENT_COLOR_NAME = AccentColor;
				CODE_SIGN_STYLE = Automatic;
				CURRENT_PROJECT_VERSION = 1;
				DEVELOPMENT_ASSET_PATHS = "\"Landmarks/Preview Content\"";
				DEVELOPMENT_TEAM = 8H945XJJGA;
				ENABLE_PREVIEWS = YES;
				GENERATE_INFOPLIST_FILE = YES;
				INFOPLIST_KEY_UIApplicationSceneManifest_Generation = YES;
				INFOPLIST_KEY_UIApplicationSupportsIndirectInputEvents = YES;
				INFOPLIST_KEY_UILaunchScreen_Generation = YES;
				INFOPLIST_KEY_UISupportedInterfaceOrientations_iPad = "UIInterfaceOrientationPortrait UIInterfaceOrientationPortraitUpsideDown UIInterfaceOrientationLandscapeLeft UIInterfaceOrientationLandscapeRight";
				INFOPLIST_KEY_UISupportedInterfaceOrientations_iPhone = "UIInterfaceOrientationPortrait UIInterfaceOrientationLandscapeLeft UIInterfaceOrientationLandscapeRight";
				LD_RUNPATH_SEARCH_PATHS = (
					"$(inherited)",
					"@executable_path/Frameworks",
				);
				MARKETING_VERSION = 1.0;
				PRODUCT_BUNDLE_IDENTIFIER = com.haeun.Landmarks;
				PRODUCT_NAME = "$(TARGET_NAME)";
				SWIFT_EMIT_LOC_STRINGS = YES;
				SWIFT_VERSION = 5.0;
				TARGETED_DEVICE_FAMILY = "1,2";
			};
			name = Debug;
		};
		BB8700D029D02D9D00ED1A83 /* Release */ = {
			isa = XCBuildConfiguration;
			buildSettings = {
				ASSETCATALOG_COMPILER_APPICON_NAME = AppIcon;
				ASSETCATALOG_COMPILER_GLOBAL_ACCENT_COLOR_NAME = AccentColor;
				CODE_SIGN_STYLE = Automatic;
				CURRENT_PROJECT_VERSION = 1;
				DEVELOPMENT_ASSET_PATHS = "\"Landmarks/Preview Content\"";
				DEVELOPMENT_TEAM = 8H945XJJGA;
				ENABLE_PREVIEWS = YES;
				GENERATE_INFOPLIST_FILE = YES;
				INFOPLIST_KEY_UIApplicationSceneManifest_Generation = YES;
				INFOPLIST_KEY_UIApplicationSupportsIndirectInputEvents = YES;
				INFOPLIST_KEY_UILaunchScreen_Generation = YES;
				INFOPLIST_KEY_UISupportedInterfaceOrientations_iPad = "UIInterfaceOrientationPortrait UIInterfaceOrientationPortraitUpsideDown UIInterfaceOrientationLandscapeLeft UIInterfaceOrientationLandscapeRight";
				INFOPLIST_KEY_UISupportedInterfaceOrientations_iPhone = "UIInterfaceOrientationPortrait UIInterfaceOrientationLandscapeLeft UIInterfaceOrientationLandscapeRight";
				LD_RUNPATH_SEARCH_PATHS = (
					"$(inherited)",
					"@executable_path/Frameworks",
				);
				MARKETING_VERSION = 1.0;
				PRODUCT_BUNDLE_IDENTIFIER = com.haeun.Landmarks;
				PRODUCT_NAME = "$(TARGET_NAME)";
				SWIFT_EMIT_LOC_STRINGS = YES;
				SWIFT_VERSION = 5.0;
				TARGETED_DEVICE_FAMILY = "1,2";
			};
			name = Release;
		};
/* End XCBuildConfiguration section */

/* Begin XCConfigurationList section */
		BB8700BB29D02D9C00ED1A83 /* Build configuration list for PBXProject "Landmarks" */ = {
			isa = XCConfigurationList;
			buildConfigurations = (
				BB8700CC29D02D9D00ED1A83 /* Debug */,
				BB8700CD29D02D9D00ED1A83 /* Release */,
			);
			defaultConfigurationIsVisible = 0;
			defaultConfigurationName = Release;
		};
		BB8700CE29D02D9D00ED1A83 /* Build configuration list for PBXNativeTarget "Landmarks" */ = {
			isa = XCConfigurationList;
			buildConfigurations = (
				BB8700CF29D02D9D00ED1A83 /* Debug */,
				BB8700D029D02D9D00ED1A83 /* Release */,
			);
			defaultConfigurationIsVisible = 0;
			defaultConfigurationName = Release;
		};
/* End XCConfigurationList section */
	};
	rootObject = BB8700B829D02D9C00ED1A83 /* Project object */;
}
